// !$*UTF8*$!
{
	archiveVersion = 1;
	classes = {
	};
	objectVersion = 46;
	objects = {

/* Begin PBXFileReference section */
		F119161615459D150012D00C /* askPID.ui */ = {isa = PBXFileReference; lastKnownFileType = text.xml; path = askPID.ui; sourceTree = "<group>"; };
		F1EE35AA1497E8BB00B29C95 /* databaseF.py */ = {isa = PBXFileReference; lastKnownFileType = text.script.python; path = databaseF.py; sourceTree = "<group>"; };
		F1EE35AB1497E8BB00B29C95 /* dbComF.py */ = {isa = PBXFileReference; lastKnownFileType = text.script.python; path = dbComF.py; sourceTree = "<group>"; };
		F1EE35AC1497E8BB00B29C95 /* filehandleF.py */ = {isa = PBXFileReference; lastKnownFileType = text.script.python; path = filehandleF.py; sourceTree = "<group>"; };
		F1EE35AD1497E8BB00B29C95 /* frame_infos.py */ = {isa = PBXFileReference; lastKnownFileType = text.script.python; path = frame_infos.py; sourceTree = "<group>"; };
		F1EE35AE1497E8BB00B29C95 /* preferences.ui */ = {isa = PBXFileReference; lastKnownFileType = text.xml; path = preferences.ui; sourceTree = "<group>"; };
		F1EE35AF1497E8BB00B29C95 /* soar_setupF.py */ = {isa = PBXFileReference; lastKnownFileType = text.script.python; path = soar_setupF.py; sourceTree = "<group>"; };
		F1EE35B01497E8BB00B29C95 /* soarlog_qt4.ui */ = {isa = PBXFileReference; lastKnownFileType = text.xml; path = soarlog_qt4.ui; sourceTree = "<group>"; };
		F1EE35B11497E8BB00B29C95 /* soarlog.py */ = {isa = PBXFileReference; lastKnownFileType = text.script.python; path = soarlog.py; sourceTree = "<group>"; };
		F1EE35B21497E8BB00B29C95 /* soarlogF_qt4_mt.py */ = {isa = PBXFileReference; lastKnownFileType = text.script.python; path = soarlogF_qt4_mt.py; sourceTree = "<group>"; };
		F1EE35B31497E8BB00B29C95 /* soarlogF_TableModel.py */ = {isa = PBXFileReference; lastKnownFileType = text.script.python; path = soarlogF_TableModel.py; sourceTree = "<group>"; };
		F1EE35B41497E96300B29C95 /* soarlogF_watch.py */ = {isa = PBXFileReference; lastKnownFileType = text.script.python; path = soarlogF_watch.py; sourceTree = "<group>"; };
		F1F70199149A8AFA00E4FD6E /* dataquality.ui */ = {isa = PBXFileReference; lastKnownFileType = text.xml; path = dataquality.ui; sourceTree = "<group>"; };
		F1F7019A149A8AFA00E4FD6E /* getweatherinfo.ui */ = {isa = PBXFileReference; lastKnownFileType = text.xml; path = getweatherinfo.ui; sourceTree = "<group>"; };
/* End PBXFileReference section */

/* Begin PBXGroup section */
		F1EE35A11497E86000B29C95 = {
			isa = PBXGroup;
			children = (
				F1F70199149A8AFA00E4FD6E /* dataquality.ui */,
				F1F7019A149A8AFA00E4FD6E /* getweatherinfo.ui */,
				F1EE35B41497E96300B29C95 /* soarlogF_watch.py */,
				F1EE35AA1497E8BB00B29C95 /* databaseF.py */,
				F1EE35AB1497E8BB00B29C95 /* dbComF.py */,
				F1EE35AC1497E8BB00B29C95 /* filehandleF.py */,
				F1EE35AD1497E8BB00B29C95 /* frame_infos.py */,
				F1EE35AE1497E8BB00B29C95 /* preferences.ui */,
				F1EE35AF1497E8BB00B29C95 /* soar_setupF.py */,
				F1EE35B01497E8BB00B29C95 /* soarlog_qt4.ui */,
				F1EE35B11497E8BB00B29C95 /* soarlog.py */,
				F1EE35B21497E8BB00B29C95 /* soarlogF_qt4_mt.py */,
				F119161615459D150012D00C /* askPID.ui */,
				F1EE35B31497E8BB00B29C95 /* soarlogF_TableModel.py */,
			);
			sourceTree = "<group>";
		};
/* End PBXGroup section */

/* Begin PBXProject section */
		F1EE35A31497E86000B29C95 /* Project object */ = {
			isa = PBXProject;
			attributes = {
				LastUpgradeCheck = 0420;
			};
			buildConfigurationList = F1EE35A61497E86000B29C95 /* Build configuration list for PBXProject "SoarLogGUI" */;
			compatibilityVersion = "Xcode 3.2";
			developmentRegion = English;
			hasScannedForEncodings = 0;
			knownRegions = (
				en,
			);
			mainGroup = F1EE35A11497E86000B29C95;
			projectDirPath = "";
			projectRoot = "";
			targets = (
			);
		};
/* End PBXProject section */

/* Begin XCBuildConfiguration section */
		F1EE35A81497E86200B29C95 /* Debug */ = {
			isa = XCBuildConfiguration;
			buildSettings = {
			};
			name = Debug;
		};
		F1EE35A91497E86200B29C95 /* Release */ = {
			isa = XCBuildConfiguration;
			buildSettings = {
			};
			name = Release;
		};
/* End XCBuildConfiguration section */

/* Begin XCConfigurationList section */
		F1EE35A61497E86000B29C95 /* Build configuration list for PBXProject "SoarLogGUI" */ = {
			isa = XCConfigurationList;
			buildConfigurations = (
				F1EE35A81497E86200B29C95 /* Debug */,
				F1EE35A91497E86200B29C95 /* Release */,
			);
			defaultConfigurationIsVisible = 0;
			defaultConfigurationName = Release;
		};
/* End XCConfigurationList section */
	};
	rootObject = F1EE35A31497E86000B29C95 /* Project object */;
}
